
Microsoft Visual Studio Solution File, Format Version 12.00
# Visual Studio Version 17
VisualStudioVersion = 17.10.35013.160
MinimumVisualStudioVersion = 10.0.40219.1
Project("{FAE04EC0-301F-11D3-BF4B-00C04F79EFBC}") = "Project(PL)", "Project(PL)\Project(PL).csproj", "{2665F06B-9FDD-4BD0-868C-8E310CA21BCA}"
EndProject
Project("{FAE04EC0-301F-11D3-BF4B-00C04F79EFBC}") = "DAL", "DAL\DAL.csproj", "{DDEDA1CC-1E03-4734-83DA-3D4045DB0D64}"
EndProject
Project("{FAE04EC0-301F-11D3-BF4B-00C04F79EFBC}") = "BLL", "BLL\BLL.csproj", "{820F2B31-7CBD-4887-81DE-6A8D2B803B97}"
EndProject
Global
	GlobalSection(SolutionConfigurationPlatforms) = preSolution
		Debug|Any CPU = Debug|Any CPU
		Release|Any CPU = Release|Any CPU
	EndGlobalSection
	GlobalSection(ProjectConfigurationPlatforms) = postSolution
		{2665F06B-9FDD-4BD0-868C-8E310CA21BCA}.Debug|Any CPU.ActiveCfg = Debug|Any CPU
		{2665F06B-9FDD-4BD0-868C-8E310CA21BCA}.Debug|Any CPU.Build.0 = Debug|Any CPU
		{2665F06B-9FDD-4BD0-868C-8E310CA21BCA}.Release|Any CPU.ActiveCfg = Release|Any CPU
		{2665F06B-9FDD-4BD0-868C-8E310CA21BCA}.Release|Any CPU.Build.0 = Release|Any CPU
		{DDEDA1CC-1E03-4734-83DA-3D4045DB0D64}.Debug|Any CPU.ActiveCfg = Debug|Any CPU
		{DDEDA1CC-1E03-4734-83DA-3D4045DB0D64}.Debug|Any CPU.Build.0 = Debug|Any CPU
		{DDEDA1CC-1E03-4734-83DA-3D4045DB0D64}.Release|Any CPU.ActiveCfg = Release|Any CPU
		{DDEDA1CC-1E03-4734-83DA-3D4045DB0D64}.Release|Any CPU.Build.0 = Release|Any CPU
		{820F2B31-7CBD-4887-81DE-6A8D2B803B97}.Debug|Any CPU.ActiveCfg = Debug|Any CPU
		{820F2B31-7CBD-4887-81DE-6A8D2B803B97}.Debug|Any CPU.Build.0 = Debug|Any CPU
		{820F2B31-7CBD-4887-81DE-6A8D2B803B97}.Release|Any CPU.ActiveCfg = Release|Any CPU
		{820F2B31-7CBD-4887-81DE-6A8D2B803B97}.Release|Any CPU.Build.0 = Release|Any CPU
	EndGlobalSection
	GlobalSection(SolutionProperties) = preSolution
		HideSolutionNode = FALSE
	EndGlobalSection
	GlobalSection(ExtensibilityGlobals) = postSolution
		SolutionGuid = {04A33B4E-7FA2-471C-B2B0-E6DF443790A8}
	EndGlobalSection
EndGlobal
